
Microsoft Visual Studio Solution File, Format Version 12.00
# Visual Studio Version 16
VisualStudioVersion = 16.0.30104.148
MinimumVisualStudioVersion = 10.0.40219.1
Project("{9A19103F-16F7-4668-BE54-9A1E7A4F7556}") = "EmployeeFrontEnd", "EmployeeFrontEnd\EmployeeFrontEnd.csproj", "{1DB86138-E099-456C-BC27-778C1C8A30EA}"
EndProject
Project("{9A19103F-16F7-4668-BE54-9A1E7A4F7556}") = "DemoEmployee", "DemoEmployee\DemoEmployee.csproj", "{4BAEBB37-E5C1-4C3D-A7E6-880312EABA0E}"
EndProject
Project("{FAE04EC0-301F-11D3-BF4B-00C04F79EFBC}") = "XUnitDemoEmployeeTestProject", "XUnitDemoEmployeeTestProject\XUnitDemoEmployeeTestProject.csproj", "{FF20FE37-EB50-443F-99BF-0EF62F23DAB4}"
EndProject
Global
	GlobalSection(SolutionConfigurationPlatforms) = preSolution
		Debug|Any CPU = Debug|Any CPU
		Release|Any CPU = Release|Any CPU
	EndGlobalSection
	GlobalSection(ProjectConfigurationPlatforms) = postSolution
		{1DB86138-E099-456C-BC27-778C1C8A30EA}.Debug|Any CPU.ActiveCfg = Debug|Any CPU
		{1DB86138-E099-456C-BC27-778C1C8A30EA}.Debug|Any CPU.Build.0 = Debug|Any CPU
		{1DB86138-E099-456C-BC27-778C1C8A30EA}.Release|Any CPU.ActiveCfg = Release|Any CPU
		{1DB86138-E099-456C-BC27-778C1C8A30EA}.Release|Any CPU.Build.0 = Release|Any CPU
		{4BAEBB37-E5C1-4C3D-A7E6-880312EABA0E}.Debug|Any CPU.ActiveCfg = Debug|Any CPU
		{4BAEBB37-E5C1-4C3D-A7E6-880312EABA0E}.Debug|Any CPU.Build.0 = Debug|Any CPU
		{4BAEBB37-E5C1-4C3D-A7E6-880312EABA0E}.Release|Any CPU.ActiveCfg = Release|Any CPU
		{4BAEBB37-E5C1-4C3D-A7E6-880312EABA0E}.Release|Any CPU.Build.0 = Release|Any CPU
		{FF20FE37-EB50-443F-99BF-0EF62F23DAB4}.Debug|Any CPU.ActiveCfg = Debug|Any CPU
		{FF20FE37-EB50-443F-99BF-0EF62F23DAB4}.Debug|Any CPU.Build.0 = Debug|Any CPU
		{FF20FE37-EB50-443F-99BF-0EF62F23DAB4}.Release|Any CPU.ActiveCfg = Release|Any CPU
		{FF20FE37-EB50-443F-99BF-0EF62F23DAB4}.Release|Any CPU.Build.0 = Release|Any CPU
	EndGlobalSection
	GlobalSection(SolutionProperties) = preSolution
		HideSolutionNode = FALSE
	EndGlobalSection
	GlobalSection(ExtensibilityGlobals) = postSolution
		SolutionGuid = {7A60ADFE-D51E-4E46-903F-E9036146BD05}
	EndGlobalSection
EndGlobal
